
Microsoft Visual Studio Solution File, Format Version 12.00
# Visual Studio Version 17
VisualStudioVersion = 17.3.32811.315
MinimumVisualStudioVersion = 10.0.40219.1
Project("{9A19103F-16F7-4668-BE54-9A1E7A4F7556}") = "BoredAPI-Client", "BoredAPI-Client.csproj", "{53E4978D-8B07-4EC3-BB8B-34B9A5F6C5F7}"
	ProjectSection(ProjectDependencies) = postProject
		{4199434B-0C7B-440F-BB5E-6F1F41887F54} = {4199434B-0C7B-440F-BB5E-6F1F41887F54}
	EndProjectSection
EndProject
Project("{9A19103F-16F7-4668-BE54-9A1E7A4F7556}") = "UnitTests", "..\UnitTests\UnitTests.csproj", "{4199434B-0C7B-440F-BB5E-6F1F41887F54}"
EndProject
Project("{9A19103F-16F7-4668-BE54-9A1E7A4F7556}") = "Bored GUI", "..\Bored GUI\Bored GUI.csproj", "{B0601E7F-73A3-44F5-A336-F568CF98A273}"
	ProjectSection(ProjectDependencies) = postProject
		{4199434B-0C7B-440F-BB5E-6F1F41887F54} = {4199434B-0C7B-440F-BB5E-6F1F41887F54}
		{53E4978D-8B07-4EC3-BB8B-34B9A5F6C5F7} = {53E4978D-8B07-4EC3-BB8B-34B9A5F6C5F7}
	EndProjectSection
EndProject
Global
	GlobalSection(SolutionConfigurationPlatforms) = preSolution
		Debug|Any CPU = Debug|Any CPU
		Release|Any CPU = Release|Any CPU
	EndGlobalSection
	GlobalSection(ProjectConfigurationPlatforms) = postSolution
		{53E4978D-8B07-4EC3-BB8B-34B9A5F6C5F7}.Debug|Any CPU.ActiveCfg = Debug|Any CPU
		{53E4978D-8B07-4EC3-BB8B-34B9A5F6C5F7}.Debug|Any CPU.Build.0 = Debug|Any CPU
		{53E4978D-8B07-4EC3-BB8B-34B9A5F6C5F7}.Release|Any CPU.ActiveCfg = Release|Any CPU
		{53E4978D-8B07-4EC3-BB8B-34B9A5F6C5F7}.Release|Any CPU.Build.0 = Release|Any CPU
		{4199434B-0C7B-440F-BB5E-6F1F41887F54}.Debug|Any CPU.ActiveCfg = Debug|Any CPU
		{4199434B-0C7B-440F-BB5E-6F1F41887F54}.Debug|Any CPU.Build.0 = Debug|Any CPU
		{4199434B-0C7B-440F-BB5E-6F1F41887F54}.Release|Any CPU.ActiveCfg = Release|Any CPU
		{4199434B-0C7B-440F-BB5E-6F1F41887F54}.Release|Any CPU.Build.0 = Release|Any CPU
		{B0601E7F-73A3-44F5-A336-F568CF98A273}.Debug|Any CPU.ActiveCfg = Debug|Any CPU
		{B0601E7F-73A3-44F5-A336-F568CF98A273}.Debug|Any CPU.Build.0 = Debug|Any CPU
		{B0601E7F-73A3-44F5-A336-F568CF98A273}.Release|Any CPU.ActiveCfg = Release|Any CPU
		{B0601E7F-73A3-44F5-A336-F568CF98A273}.Release|Any CPU.Build.0 = Release|Any CPU
	EndGlobalSection
	GlobalSection(SolutionProperties) = preSolution
		HideSolutionNode = FALSE
	EndGlobalSection
	GlobalSection(ExtensibilityGlobals) = postSolution
		SolutionGuid = {7F666A9E-07DD-4896-AFDE-026C46CD2A35}
	EndGlobalSection
EndGlobal
